[[tools.bun]]
version = "1.3.3"
backend = "core:bun"
"platforms.linux-arm64" = { url = "https://github.com/oven-sh/bun/releases/download/bun-v1.3.3/bun-linux-aarch64.zip"}
"platforms.linux-x64" = { url = "https://github.com/oven-sh/bun/releases/download/bun-v1.3.3/bun-linux-x64.zip"}
"platforms.macos-arm64" = { url = "https://github.com/oven-sh/bun/releases/download/bun-v1.3.3/bun-darwin-aarch64.zip"}
"platforms.macos-x64" = { url = "https://github.com/oven-sh/bun/releases/download/bun-v1.3.3/bun-darwin-x64.zip"}
"platforms.windows-x64" = { url = "https://github.com/oven-sh/bun/releases/download/bun-v1.3.3/bun-windows-x64.zip"}

[[tools."dotnet:nbgv"]]
version = "3.9.50"
backend = "dotnet:nbgv"

[[tools.gitleaks]]
version = "8.30.0"
backend = "aqua:gitleaks/gitleaks"
"platforms.windows-x64" = { checksum = "sha256:54fe94f644b832dd08e8c3a5915efb3bfa862386d59fb27ca0792cb687a83573", url = "https://github.com/gitleaks/gitleaks/releases/download/v8.30.0/gitleaks_8.30.0_windows_x64.zip"}

[[tools.node]]
version = "24.11.1"
backend = "core:node"

[[tools.pnpm]]
version = "10.24.0"
backend = "aqua:pnpm/pnpm"
"platforms.windows-x64" = { checksum = "sha256:e966e249a55c5d56d5d1844d220861b801c892148e763c66e95dadb9bd257d3f", url = "https://github.com/pnpm/pnpm/releases/download/v10.24.0/pnpm-win-x64.exe"}

[[tools.uv]]
version = "0.9.15"
backend = "aqua:astral-sh/uv"
"platforms.linux-arm64" = { checksum = "sha256:41f6ef4f86e9f8015bc31e9ca4fd44a6e2c80fc0b75d6eb74063f64ca15177c7", url = "https://github.com/astral-sh/uv/releases/download/0.9.15/uv-aarch64-unknown-linux-musl.tar.gz"}
"platforms.linux-x64" = { checksum = "sha256:7037889adb182ce50379b3a789154ad6be00397b892fec9e93e11c457945aec0", url = "https://github.com/astral-sh/uv/releases/download/0.9.15/uv-x86_64-unknown-linux-musl.tar.gz"}
"platforms.macos-arm64" = { checksum = "sha256:388029510fdf64771745e9fb85cd6ec042580678a9e61c90fe355301f1c42f1e", url = "https://github.com/astral-sh/uv/releases/download/0.9.15/uv-aarch64-apple-darwin.tar.gz"}
"platforms.macos-x64" = { checksum = "sha256:a7d9ae35ce2d192cb0356f07439cfc6768d4dff8e95ae69f821e8fbe7bcb0e09", url = "https://github.com/astral-sh/uv/releases/download/0.9.15/uv-x86_64-apple-darwin.tar.gz"}
"platforms.windows-x64" = { checksum = "sha256:a6887c93a54c46de7dcc0bc798f84a130d7f411124ad43252716f75d0c2c33e0", url = "https://github.com/astral-sh/uv/releases/download/0.9.15/uv-x86_64-pc-windows-msvc.zip"}
